// !$*UTF8*$!
{
	archiveVersion = 1;
	classes = {
	};
	objectVersion = 46;
	objects = {

/* Begin PBXBuildFile section */
		0578F35A16C6262E00A84481 /* setup.c in Sources */ = {isa = PBXBuildFile; fileRef = 0578F34E16C61F8700A84481 /* setup.c */; };
		0578F35F16C6273F00A84481 /* globals.c in Sources */ = {isa = PBXBuildFile; fileRef = 0578F35E16C6273F00A84481 /* globals.c */; };
		0578F36216C6283D00A84481 /* debug.c in Sources */ = {isa = PBXBuildFile; fileRef = 0578F36116C6283D00A84481 /* debug.c */; };
		0578F36716C62C4500A84481 /* lib.c in Sources */ = {isa = PBXBuildFile; fileRef = 0578F35816C6214E00A84481 /* lib.c */; };
		0578F36816C62C6500A84481 /* main.c in Sources */ = {isa = PBXBuildFile; fileRef = 0578F35116C61FA100A84481 /* main.c */; };
		057F83CC1942B29C003D04D8 /* README.md in Sources */ = {isa = PBXBuildFile; fileRef = 057F83CB1942B29C003D04D8 /* README.md */; };
		05AE9AA51674D48200D86835 /* Foundation.framework in Frameworks */ = {isa = PBXBuildFile; fileRef = 05AE9AA41674D48200D86835 /* Foundation.framework */; };
		05AE9AB516752F9100D86835 /* mem.c in Sources */ = {isa = PBXBuildFile; fileRef = 05AE9AB416752F9100D86835 /* mem.c */; };
/* End PBXBuildFile section */

/* Begin PBXCopyFilesBuildPhase section */
		05AE9A9E1674D48200D86835 /* CopyFiles */ = {
			isa = PBXCopyFilesBuildPhase;
			buildActionMask = 2147483647;
			dstPath = /usr/share/man/man1/;
			dstSubfolderSpec = 0;
			files = (
			);
			runOnlyForDeploymentPostprocessing = 1;
		};
/* End PBXCopyFilesBuildPhase section */

/* Begin PBXFileReference section */
		0578F34E16C61F8700A84481 /* setup.c */ = {isa = PBXFileReference; fileEncoding = 4; lastKnownFileType = sourcecode.c.c; path = setup.c; sourceTree = "<group>"; };
		0578F35016C61F9200A84481 /* setup.h */ = {isa = PBXFileReference; lastKnownFileType = sourcecode.c.h; path = setup.h; sourceTree = "<group>"; };
		0578F35116C61FA100A84481 /* main.c */ = {isa = PBXFileReference; fileEncoding = 4; lastKnownFileType = sourcecode.c.c; path = main.c; sourceTree = "<group>"; };
		0578F35316C61FA700A84481 /* mem.h */ = {isa = PBXFileReference; lastKnownFileType = sourcecode.c.h; path = mem.h; sourceTree = "<group>"; };
		0578F35416C61FB200A84481 /* warnings.h */ = {isa = PBXFileReference; lastKnownFileType = sourcecode.c.h; path = warnings.h; sourceTree = "<group>"; };
		0578F35716C6214700A84481 /* lib.h */ = {isa = PBXFileReference; lastKnownFileType = sourcecode.c.h; path = lib.h; sourceTree = "<group>"; };
		0578F35816C6214E00A84481 /* lib.c */ = {isa = PBXFileReference; fileEncoding = 4; lastKnownFileType = sourcecode.c.c; path = lib.c; sourceTree = "<group>"; };
		0578F35B16C626FA00A84481 /* types.h */ = {isa = PBXFileReference; lastKnownFileType = sourcecode.c.h; path = types.h; sourceTree = "<group>"; };
		0578F35C16C6272E00A84481 /* macros.h */ = {isa = PBXFileReference; lastKnownFileType = sourcecode.c.h; path = macros.h; sourceTree = "<group>"; };
		0578F35D16C6273600A84481 /* globals.h */ = {isa = PBXFileReference; lastKnownFileType = sourcecode.c.h; path = globals.h; sourceTree = "<group>"; };
		0578F35E16C6273F00A84481 /* globals.c */ = {isa = PBXFileReference; fileEncoding = 4; lastKnownFileType = sourcecode.c.c; path = globals.c; sourceTree = "<group>"; };
		0578F36016C6283600A84481 /* debug.h */ = {isa = PBXFileReference; lastKnownFileType = sourcecode.c.h; path = debug.h; sourceTree = "<group>"; };
		0578F36116C6283D00A84481 /* debug.c */ = {isa = PBXFileReference; fileEncoding = 4; lastKnownFileType = sourcecode.c.c; path = debug.c; sourceTree = "<group>"; };
		057F83CB1942B29C003D04D8 /* README.md */ = {isa = PBXFileReference; fileEncoding = 4; lastKnownFileType = net.daringfireball.markdown; path = README.md; sourceTree = "<group>"; };
		05AE9AA01674D48200D86835 /* buddy */ = {isa = PBXFileReference; explicitFileType = "compiled.mach-o.executable"; includeInIndex = 0; path = buddy; sourceTree = BUILT_PRODUCTS_DIR; };
		05AE9AA41674D48200D86835 /* Foundation.framework */ = {isa = PBXFileReference; lastKnownFileType = wrapper.framework; name = Foundation.framework; path = System/Library/Frameworks/Foundation.framework; sourceTree = SDKROOT; };
		05AE9AB416752F9100D86835 /* mem.c */ = {isa = PBXFileReference; fileEncoding = 4; lastKnownFileType = sourcecode.c.c; path = mem.c; sourceTree = "<group>"; };
/* End PBXFileReference section */

/* Begin PBXFrameworksBuildPhase section */
		05AE9A9D1674D48200D86835 /* Frameworks */ = {
			isa = PBXFrameworksBuildPhase;
			buildActionMask = 2147483647;
			files = (
				05AE9AA51674D48200D86835 /* Foundation.framework in Frameworks */,
			);
			runOnlyForDeploymentPostprocessing = 0;
		};
/* End PBXFrameworksBuildPhase section */

/* Begin PBXGroup section */
		05AE9A951674D48200D86835 = {
			isa = PBXGroup;
			children = (
				057F83CB1942B29C003D04D8 /* README.md */,
				05AE9AA61674D48200D86835 /* buddy */,
				05AE9AA31674D48200D86835 /* Frameworks */,
				05AE9AA11674D48200D86835 /* Products */,
			);
			sourceTree = "<group>";
		};
		05AE9AA11674D48200D86835 /* Products */ = {
			isa = PBXGroup;
			children = (
				05AE9AA01674D48200D86835 /* buddy */,
			);
			name = Products;
			sourceTree = "<group>";
		};
		05AE9AA31674D48200D86835 /* Frameworks */ = {
			isa = PBXGroup;
			children = (
				05AE9AA41674D48200D86835 /* Foundation.framework */,
			);
			name = Frameworks;
			sourceTree = "<group>";
		};
		05AE9AA61674D48200D86835 /* buddy */ = {
			isa = PBXGroup;
			children = (
				0578F35416C61FB200A84481 /* warnings.h */,
				0578F35B16C626FA00A84481 /* types.h */,
				0578F35C16C6272E00A84481 /* macros.h */,
				0578F35D16C6273600A84481 /* globals.h */,
				0578F35E16C6273F00A84481 /* globals.c */,
				0578F35116C61FA100A84481 /* main.c */,
				0578F35316C61FA700A84481 /* mem.h */,
				05AE9AB416752F9100D86835 /* mem.c */,
				0578F35016C61F9200A84481 /* setup.h */,
				0578F34E16C61F8700A84481 /* setup.c */,
				0578F35716C6214700A84481 /* lib.h */,
				0578F35816C6214E00A84481 /* lib.c */,
				0578F36016C6283600A84481 /* debug.h */,
				0578F36116C6283D00A84481 /* debug.c */,
			);
			path = buddy;
			sourceTree = "<group>";
		};
/* End PBXGroup section */

/* Begin PBXNativeTarget section */
		05AE9A9F1674D48200D86835 /* buddy */ = {
			isa = PBXNativeTarget;
			buildConfigurationList = 05AE9AAF1674D48200D86835 /* Build configuration list for PBXNativeTarget "buddy" */;
			buildPhases = (
				05AE9A9C1674D48200D86835 /* Sources */,
				05AE9A9D1674D48200D86835 /* Frameworks */,
				05AE9A9E1674D48200D86835 /* CopyFiles */,
			);
			buildRules = (
			);
			dependencies = (
			);
			name = buddy;
			productName = buddy;
			productReference = 05AE9AA01674D48200D86835 /* buddy */;
			productType = "com.apple.product-type.tool";
		};
/* End PBXNativeTarget section */

/* Begin PBXProject section */
		05AE9A971674D48200D86835 /* Project object */ = {
			isa = PBXProject;
			attributes = {
				LastUpgradeCheck = 0600;
				ORGANIZATIONNAME = "XS-Labs";
			};
			buildConfigurationList = 05AE9A9A1674D48200D86835 /* Build configuration list for PBXProject "buddy" */;
			compatibilityVersion = "Xcode 3.2";
			developmentRegion = English;
			hasScannedForEncodings = 0;
			knownRegions = (
				en,
			);
			mainGroup = 05AE9A951674D48200D86835;
			productRefGroup = 05AE9AA11674D48200D86835 /* Products */;
			projectDirPath = "";
			projectRoot = "";
			targets = (
				05AE9A9F1674D48200D86835 /* buddy */,
			);
		};
/* End PBXProject section */

/* Begin PBXSourcesBuildPhase section */
		05AE9A9C1674D48200D86835 /* Sources */ = {
			isa = PBXSourcesBuildPhase;
			buildActionMask = 2147483647;
			files = (
				05AE9AB516752F9100D86835 /* mem.c in Sources */,
				0578F35A16C6262E00A84481 /* setup.c in Sources */,
				0578F35F16C6273F00A84481 /* globals.c in Sources */,
				057F83CC1942B29C003D04D8 /* README.md in Sources */,
				0578F36216C6283D00A84481 /* debug.c in Sources */,
				0578F36716C62C4500A84481 /* lib.c in Sources */,
				0578F36816C62C6500A84481 /* main.c in Sources */,
			);
			runOnlyForDeploymentPostprocessing = 0;
		};
/* End PBXSourcesBuildPhase section */

/* Begin XCBuildConfiguration section */
		05AE9AAD1674D48200D86835 /* Debug */ = {
			isa = XCBuildConfiguration;
			buildSettings = {
				ALWAYS_SEARCH_USER_PATHS = NO;
				CLANG_CXX_LANGUAGE_STANDARD = "gnu++0x";
				CLANG_CXX_LIBRARY = "libc++";
				CLANG_WARN_EMPTY_BODY = YES;
				CLANG_WARN__DUPLICATE_METHOD_MATCH = YES;
				COPY_PHASE_STRIP = NO;
				GCC_C_LANGUAGE_STANDARD = gnu99;
				GCC_DYNAMIC_NO_PIC = NO;
				GCC_ENABLE_OBJC_EXCEPTIONS = YES;
				GCC_OPTIMIZATION_LEVEL = 0;
				GCC_PREPROCESSOR_DEFINITIONS = (
					"DEBUG=1",
					"$(inherited)",
				);
				GCC_SYMBOLS_PRIVATE_EXTERN = NO;
				GCC_WARN_64_TO_32_BIT_CONVERSION = YES;
				GCC_WARN_ABOUT_RETURN_TYPE = YES;
				GCC_WARN_UNINITIALIZED_AUTOS = YES;
				GCC_WARN_UNUSED_VARIABLE = YES;
				MACOSX_DEPLOYMENT_TARGET = 10.8;
				ONLY_ACTIVE_ARCH = YES;
				SDKROOT = macosx;
			};
			name = Debug;
		};
		05AE9AAE1674D48200D86835 /* Release */ = {
			isa = XCBuildConfiguration;
			buildSettings = {
				ALWAYS_SEARCH_USER_PATHS = NO;
				CLANG_CXX_LANGUAGE_STANDARD = "gnu++0x";
				CLANG_CXX_LIBRARY = "libc++";
				CLANG_WARN_EMPTY_BODY = YES;
				CLANG_WARN__DUPLICATE_METHOD_MATCH = YES;
				COPY_PHASE_STRIP = YES;
				DEBUG_INFORMATION_FORMAT = "dwarf-with-dsym";
				GCC_C_LANGUAGE_STANDARD = gnu99;
				GCC_ENABLE_OBJC_EXCEPTIONS = YES;
				GCC_WARN_64_TO_32_BIT_CONVERSION = YES;
				GCC_WARN_ABOUT_RETURN_TYPE = YES;
				GCC_WARN_UNINITIALIZED_AUTOS = YES;
				GCC_WARN_UNUSED_VARIABLE = YES;
				MACOSX_DEPLOYMENT_TARGET = 10.8;
				SDKROOT = macosx;
			};
			name = Release;
		};
		05AE9AB01674D48200D86835 /* Debug */ = {
			isa = XCBuildConfiguration;
			buildSettings = {
				GCC_PRECOMPILE_PREFIX_HEADER = YES;
				PRODUCT_NAME = "$(TARGET_NAME)";
			};
			name = Debug;
		};
		05AE9AB11674D48200D86835 /* Release */ = {
			isa = XCBuildConfiguration;
			buildSettings = {
				GCC_PRECOMPILE_PREFIX_HEADER = YES;
				PRODUCT_NAME = "$(TARGET_NAME)";
			};
			name = Release;
		};
/* End XCBuildConfiguration section */

/* Begin XCConfigurationList section */
		05AE9A9A1674D48200D86835 /* Build configuration list for PBXProject "buddy" */ = {
			isa = XCConfigurationList;
			buildConfigurations = (
				05AE9AAD1674D48200D86835 /* Debug */,
				05AE9AAE1674D48200D86835 /* Release */,
			);
			defaultConfigurationIsVisible = 0;
			defaultConfigurationName = Release;
		};
		05AE9AAF1674D48200D86835 /* Build configuration list for PBXNativeTarget "buddy" */ = {
			isa = XCConfigurationList;
			buildConfigurations = (
				05AE9AB01674D48200D86835 /* Debug */,
				05AE9AB11674D48200D86835 /* Release */,
			);
			defaultConfigurationIsVisible = 0;
			defaultConfigurationName = Release;
		};
/* End XCConfigurationList section */
	};
	rootObject = 05AE9A971674D48200D86835 /* Project object */;
}
